<?xml version="1.0" encoding="utf-8"?>
<Project ToolsVersion="4.0" xmlns="http://schemas.microsoft.com/developer/msbuild/2003">
  <ItemGroup>
    <ClInclude Include="headers\VectorR2.h">
      <Filter>headers</Filter>
    </ClInclude>
    <ClInclude Include="headers\KnightMath.h">
      <Filter>headers</Filter>
    </ClInclude>
  </ItemGroup>
  <ItemGroup>
    <Filter Include="headers">
      <UniqueIdentifier>{866f5f12-b9ba-400e-a6b2-101b176e5837}</UniqueIdentifier>
    </Filter>
    <Filter Include="src">
      <UniqueIdentifier>{af576182-cf84-4681-b503-6b8d39e6dccd}</UniqueIdentifier>
    </Filter>
  </ItemGroup>
  <ItemGroup>
    <ClCompile Include="cpp\VectorR2.cpp">
      <Filter>src</Filter>
    </ClCompile>
  </ItemGroup>
  <ItemGroup>
    <None Include="README.md" />
  </ItemGroup>
</Project>